// !$*UTF8*$!
{
	archiveVersion = 1;
	classes = {
	};
	objectVersion = 46;
	objects = {

/* Begin PBXBuildFile section */
		C7E318811CCBE43C00D70C6F /* AppDelegate.swift in Sources */ = {isa = PBXBuildFile; fileRef = C7E318801CCBE43C00D70C6F /* AppDelegate.swift */; };
		C7E318831CCBE43C00D70C6F /* ViewController.swift in Sources */ = {isa = PBXBuildFile; fileRef = C7E318821CCBE43C00D70C6F /* ViewController.swift */; };
		C7E318861CCBE43C00D70C6F /* Main.storyboard in Resources */ = {isa = PBXBuildFile; fileRef = C7E318841CCBE43C00D70C6F /* Main.storyboard */; };
		C7E318881CCBE43C00D70C6F /* Assets.xcassets in Resources */ = {isa = PBXBuildFile; fileRef = C7E318871CCBE43C00D70C6F /* Assets.xcassets */; };
		C7E3188B1CCBE43C00D70C6F /* LaunchScreen.storyboard in Resources */ = {isa = PBXBuildFile; fileRef = C7E318891CCBE43C00D70C6F /* LaunchScreen.storyboard */; };
/* End PBXBuildFile section */

/* Begin PBXFileReference section */
		C7E3187D1CCBE43C00D70C6F /* UIKitAnimationsTests.app */ = {isa = PBXFileReference; explicitFileType = wrapper.application; includeInIndex = 0; path = UIKitAnimationsTests.app; sourceTree = BUILT_PRODUCTS_DIR; };
		C7E318801CCBE43C00D70C6F /* AppDelegate.swift */ = {isa = PBXFileReference; lastKnownFileType = sourcecode.swift; path = AppDelegate.swift; sourceTree = "<group>"; };
		C7E318821CCBE43C00D70C6F /* ViewController.swift */ = {isa = PBXFileReference; lastKnownFileType = sourcecode.swift; path = ViewController.swift; sourceTree = "<group>"; };
		C7E318851CCBE43C00D70C6F /* Base */ = {isa = PBXFileReference; lastKnownFileType = file.storyboard; name = Base; path = Base.lproj/Main.storyboard; sourceTree = "<group>"; };
		C7E318871CCBE43C00D70C6F /* Assets.xcassets */ = {isa = PBXFileReference; lastKnownFileType = folder.assetcatalog; path = Assets.xcassets; sourceTree = "<group>"; };
		C7E3188A1CCBE43C00D70C6F /* Base */ = {isa = PBXFileReference; lastKnownFileType = file.storyboard; name = Base; path = Base.lproj/LaunchScreen.storyboard; sourceTree = "<group>"; };
		C7E3188C1CCBE43C00D70C6F /* Info.plist */ = {isa = PBXFileReference; lastKnownFileType = text.plist.xml; path = Info.plist; sourceTree = "<group>"; };
/* End PBXFileReference section */

/* Begin PBXFrameworksBuildPhase section */
		C7E3187A1CCBE43C00D70C6F /* Frameworks */ = {
			isa = PBXFrameworksBuildPhase;
			buildActionMask = 2147483647;
			files = (
			);
			runOnlyForDeploymentPostprocessing = 0;
		};
/* End PBXFrameworksBuildPhase section */

/* Begin PBXGroup section */
		C7E318741CCBE43C00D70C6F = {
			isa = PBXGroup;
			children = (
				C7E3187F1CCBE43C00D70C6F /* UIKitAnimationsTests */,
				C7E3187E1CCBE43C00D70C6F /* Products */,
			);
			sourceTree = "<group>";
		};
		C7E3187E1CCBE43C00D70C6F /* Products */ = {
			isa = PBXGroup;
			children = (
				C7E3187D1CCBE43C00D70C6F /* UIKitAnimationsTests.app */,
			);
			name = Products;
			sourceTree = "<group>";
		};
		C7E3187F1CCBE43C00D70C6F /* UIKitAnimationsTests */ = {
			isa = PBXGroup;
			children = (
				C7E318801CCBE43C00D70C6F /* AppDelegate.swift */,
				C7E318821CCBE43C00D70C6F /* ViewController.swift */,
				C7E318841CCBE43C00D70C6F /* Main.storyboard */,
				C7E318871CCBE43C00D70C6F /* Assets.xcassets */,
				C7E318891CCBE43C00D70C6F /* LaunchScreen.storyboard */,
				C7E3188C1CCBE43C00D70C6F /* Info.plist */,
			);
			path = UIKitAnimationsTests;
			sourceTree = "<group>";
		};
/* End PBXGroup section */

/* Begin PBXNativeTarget section */
		C7E3187C1CCBE43C00D70C6F /* UIKitAnimationsTests */ = {
			isa = PBXNativeTarget;
			buildConfigurationList = C7E3188F1CCBE43C00D70C6F /* Build configuration list for PBXNativeTarget "UIKitAnimationsTests" */;
			buildPhases = (
				C7E318791CCBE43C00D70C6F /* Sources */,
				C7E3187A1CCBE43C00D70C6F /* Frameworks */,
				C7E3187B1CCBE43C00D70C6F /* Resources */,
			);
			buildRules = (
			);
			dependencies = (
			);
			name = UIKitAnimationsTests;
			productName = UIKitAnimationsTests;
			productReference = C7E3187D1CCBE43C00D70C6F /* UIKitAnimationsTests.app */;
			productType = "com.apple.product-type.application";
		};
/* End PBXNativeTarget section */

/* Begin PBXProject section */
		C7E318751CCBE43C00D70C6F /* Project object */ = {
			isa = PBXProject;
			attributes = {
				LastSwiftUpdateCheck = 0730;
				LastUpgradeCheck = 0730;
				ORGANIZATIONNAME = "GEORGE QUENTIN";
				TargetAttributes = {
					C7E3187C1CCBE43C00D70C6F = {
						CreatedOnToolsVersion = 7.3;
						DevelopmentTeam = TTRX47ZAU4;
					};
				};
			};
			buildConfigurationList = C7E318781CCBE43C00D70C6F /* Build configuration list for PBXProject "UIKitAnimationsTests" */;
			compatibilityVersion = "Xcode 3.2";
			developmentRegion = English;
			hasScannedForEncodings = 0;
			knownRegions = (
				en,
				Base,
			);
			mainGroup = C7E318741CCBE43C00D70C6F;
			productRefGroup = C7E3187E1CCBE43C00D70C6F /* Products */;
			projectDirPath = "";
			projectRoot = "";
			targets = (
				C7E3187C1CCBE43C00D70C6F /* UIKitAnimationsTests */,
			);
		};
/* End PBXProject section */

/* Begin PBXResourcesBuildPhase section */
		C7E3187B1CCBE43C00D70C6F /* Resources */ = {
			isa = PBXResourcesBuildPhase;
			buildActionMask = 2147483647;
			files = (
				C7E3188B1CCBE43C00D70C6F /* LaunchScreen.storyboard in Resources */,
				C7E318881CCBE43C00D70C6F /* Assets.xcassets in Resources */,
				C7E318861CCBE43C00D70C6F /* Main.storyboard in Resources */,
			);
			runOnlyForDeploymentPostprocessing = 0;
		};
/* End PBXResourcesBuildPhase section */

/* Begin PBXSourcesBuildPhase section */
		C7E318791CCBE43C00D70C6F /* Sources */ = {
			isa = PBXSourcesBuildPhase;
			buildActionMask = 2147483647;
			files = (
				C7E318831CCBE43C00D70C6F /* ViewController.swift in Sources */,
				C7E318811CCBE43C00D70C6F /* AppDelegate.swift in Sources */,
			);
			runOnlyForDeploymentPostprocessing = 0;
		};
/* End PBXSourcesBuildPhase section */

/* Begin PBXVariantGroup section */
		C7E318841CCBE43C00D70C6F /* Main.storyboard */ = {
			isa = PBXVariantGroup;
			children = (
				C7E318851CCBE43C00D70C6F /* Base */,
			);
			name = Main.storyboard;
			sourceTree = "<group>";
		};
		C7E318891CCBE43C00D70C6F /* LaunchScreen.storyboard */ = {
			isa = PBXVariantGroup;
			children = (
				C7E3188A1CCBE43C00D70C6F /* Base */,
			);
			name = LaunchScreen.storyboard;
			sourceTree = "<group>";
		};
/* End PBXVariantGroup section */

/* Begin XCBuildConfiguration section */
		C7E3188D1CCBE43C00D70C6F /* Debug */ = {
			isa = XCBuildConfiguration;
			buildSettings = {
				ALWAYS_SEARCH_USER_PATHS = NO;
				CLANG_ANALYZER_NONNULL = YES;
				CLANG_CXX_LANGUAGE_STANDARD = "gnu++0x";
				CLANG_CXX_LIBRARY = "libc++";
				CLANG_ENABLE_MODULES = YES;
				CLANG_ENABLE_OBJC_ARC = YES;
				CLANG_WARN_BOOL_CONVERSION = YES;
				CLANG_WARN_CONSTANT_CONVERSION = YES;
				CLANG_WARN_DIRECT_OBJC_ISA_USAGE = YES_ERROR;
				CLANG_WARN_EMPTY_BODY = YES;
				CLANG_WARN_ENUM_CONVERSION = YES;
				CLANG_WARN_INT_CONVERSION = YES;
				CLANG_WARN_OBJC_ROOT_CLASS = YES_ERROR;
				CLANG_WARN_UNREACHABLE_CODE = YES;
				CLANG_WARN__DUPLICATE_METHOD_MATCH = YES;
				"CODE_SIGN_IDENTITY[sdk=iphoneos*]" = "iPhone Developer";
				COPY_PHASE_STRIP = NO;
				DEBUG_INFORMATION_FORMAT = dwarf;
				ENABLE_STRICT_OBJC_MSGSEND = YES;
				ENABLE_TESTABILITY = YES;
				GCC_C_LANGUAGE_STANDARD = gnu99;
				GCC_DYNAMIC_NO_PIC = NO;
				GCC_NO_COMMON_BLOCKS = YES;
				GCC_OPTIMIZATION_LEVEL = 0;
				GCC_PREPROCESSOR_DEFINITIONS = (
					"DEBUG=1",
					"$(inherited)",
				);
				GCC_WARN_64_TO_32_BIT_CONVERSION = YES;
				GCC_WARN_ABOUT_RETURN_TYPE = YES_ERROR;
				GCC_WARN_UNDECLARED_SELECTOR = YES;
				GCC_WARN_UNINITIALIZED_AUTOS = YES_AGGRESSIVE;
				GCC_WARN_UNUSED_FUNCTION = YES;
				GCC_WARN_UNUSED_VARIABLE = YES;
				IPHONEOS_DEPLOYMENT_TARGET = 9.3;
				MTL_ENABLE_DEBUG_INFO = YES;
				ONLY_ACTIVE_ARCH = YES;
				SDKROOT = iphoneos;
				SWIFT_OPTIMIZATION_LEVEL = "-Onone";
				TARGETED_DEVICE_FAMILY = "1,2";
			};
			name = Debug;
		};
		C7E3188E1CCBE43C00D70C6F /* Release */ = {
			isa = XCBuildConfiguration;
			buildSettings = {
				ALWAYS_SEARCH_USER_PATHS = NO;
				CLANG_ANALYZER_NONNULL = YES;
				CLANG_CXX_LANGUAGE_STANDARD = "gnu++0x";
				CLANG_CXX_LIBRARY = "libc++";
				CLANG_ENABLE_MODULES = YES;
				CLANG_ENABLE_OBJC_ARC = YES;
				CLANG_WARN_BOOL_CONVERSION = YES;
				CLANG_WARN_CONSTANT_CONVERSION = YES;
				CLANG_WARN_DIRECT_OBJC_ISA_USAGE = YES_ERROR;
				CLANG_WARN_EMPTY_BODY = YES;
				CLANG_WARN_ENUM_CONVERSION = YES;
				CLANG_WARN_INT_CONVERSION = YES;
				CLANG_WARN_OBJC_ROOT_CLASS = YES_ERROR;
				CLANG_WARN_UNREACHABLE_CODE = YES;
				CLANG_WARN__DUPLICATE_METHOD_MATCH = YES;
				"CODE_SIGN_IDENTITY[sdk=iphoneos*]" = "iPhone Developer";
				COPY_PHASE_STRIP = NO;
				DEBUG_INFORMATION_FORMAT = "dwarf-with-dsym";
				ENABLE_NS_ASSERTIONS = NO;
				ENABLE_STRICT_OBJC_MSGSEND = YES;
				GCC_C_LANGUAGE_STANDARD = gnu99;
				GCC_NO_COMMON_BLOCKS = YES;
				GCC_WARN_64_TO_32_BIT_CONVERSION = YES;
				GCC_WARN_ABOUT_RETURN_TYPE = YES_ERROR;
				GCC_WARN_UNDECLARED_SELECTOR = YES;
				GCC_WARN_UNINITIALIZED_AUTOS = YES_AGGRESSIVE;
				GCC_WARN_UNUSED_FUNCTION = YES;
				GCC_WARN_UNUSED_VARIABLE = YES;
				IPHONEOS_DEPLOYMENT_TARGET = 9.3;
				MTL_ENABLE_DEBUG_INFO = NO;
				SDKROOT = iphoneos;
				TARGETED_DEVICE_FAMILY = "1,2";
				VALIDATE_PRODUCT = YES;
			};
			name = Release;
		};
		C7E318901CCBE43C00D70C6F /* Debug */ = {
			isa = XCBuildConfiguration;
			buildSettings = {
				ASSETCATALOG_COMPILER_APPICON_NAME = AppIcon;
				INFOPLIST_FILE = UIKitAnimationsTests/Info.plist;
				LD_RUNPATH_SEARCH_PATHS = "$(inherited) @executable_path/Frameworks";
				PRODUCT_BUNDLE_IDENTIFIER = UIKitAnimationsTests.UIKitAnimationsTests;
				PRODUCT_NAME = "$(TARGET_NAME)";
			};
			name = Debug;
		};
		C7E318911CCBE43C00D70C6F /* Release */ = {
			isa = XCBuildConfiguration;
			buildSettings = {
				ASSETCATALOG_COMPILER_APPICON_NAME = AppIcon;
				INFOPLIST_FILE = UIKitAnimationsTests/Info.plist;
				LD_RUNPATH_SEARCH_PATHS = "$(inherited) @executable_path/Frameworks";
				PRODUCT_BUNDLE_IDENTIFIER = UIKitAnimationsTests.UIKitAnimationsTests;
				PRODUCT_NAME = "$(TARGET_NAME)";
			};
			name = Release;
		};
/* End XCBuildConfiguration section */

/* Begin XCConfigurationList section */
		C7E318781CCBE43C00D70C6F /* Build configuration list for PBXProject "UIKitAnimationsTests" */ = {
			isa = XCConfigurationList;
			buildConfigurations = (
				C7E3188D1CCBE43C00D70C6F /* Debug */,
				C7E3188E1CCBE43C00D70C6F /* Release */,
			);
			defaultConfigurationIsVisible = 0;
			defaultConfigurationName = Release;
		};
		C7E3188F1CCBE43C00D70C6F /* Build configuration list for PBXNativeTarget "UIKitAnimationsTests" */ = {
			isa = XCConfigurationList;
			buildConfigurations = (
				C7E318901CCBE43C00D70C6F /* Debug */,
				C7E318911CCBE43C00D70C6F /* Release */,
			);
			defaultConfigurationIsVisible = 0;
		};
/* End XCConfigurationList section */
	};
	rootObject = C7E318751CCBE43C00D70C6F /* Project object */;
}
